
Microsoft Visual Studio Solution File, Format Version 12.00
# Visual Studio Version 17
VisualStudioVersion = 17.1.32210.238
MinimumVisualStudioVersion = 10.0.40219.1
Project("{FAE04EC0-301F-11D3-BF4B-00C04F79EFBC}") = "FoosballGame.WebApi", "FoosballGame.WebApi\FoosballGame.WebApi.csproj", "{7C9587A8-5874-421A-8F81-D74A7B3DC5E7}"
EndProject
Project("{FAE04EC0-301F-11D3-BF4B-00C04F79EFBC}") = "FoosballGame.Domain", "FoosballGame.Domain\FoosballGame.Domain.csproj", "{6B2ABFB2-0D0C-499F-A27F-E3F9FAF4A2FE}"
EndProject
Project("{FAE04EC0-301F-11D3-BF4B-00C04F79EFBC}") = "FoosballGame.Contracts", "FoosballGame.Contracts\FoosballGame.Contracts.csproj", "{0C6E4046-35EC-44F1-AF54-EB0C559FFA0A}"
EndProject
Project("{FAE04EC0-301F-11D3-BF4B-00C04F79EFBC}") = "FoosballGame.Tests", "FoosballGame.Tests\FoosballGame.Tests.csproj", "{7E61D07E-79FB-4C76-A0B6-020FCEC801BA}"
EndProject
Global
	GlobalSection(SolutionConfigurationPlatforms) = preSolution
		Debug|Any CPU = Debug|Any CPU
		Release|Any CPU = Release|Any CPU
	EndGlobalSection
	GlobalSection(ProjectConfigurationPlatforms) = postSolution
		{7C9587A8-5874-421A-8F81-D74A7B3DC5E7}.Debug|Any CPU.ActiveCfg = Debug|Any CPU
		{7C9587A8-5874-421A-8F81-D74A7B3DC5E7}.Debug|Any CPU.Build.0 = Debug|Any CPU
		{7C9587A8-5874-421A-8F81-D74A7B3DC5E7}.Release|Any CPU.ActiveCfg = Release|Any CPU
		{7C9587A8-5874-421A-8F81-D74A7B3DC5E7}.Release|Any CPU.Build.0 = Release|Any CPU
		{6B2ABFB2-0D0C-499F-A27F-E3F9FAF4A2FE}.Debug|Any CPU.ActiveCfg = Debug|Any CPU
		{6B2ABFB2-0D0C-499F-A27F-E3F9FAF4A2FE}.Debug|Any CPU.Build.0 = Debug|Any CPU
		{6B2ABFB2-0D0C-499F-A27F-E3F9FAF4A2FE}.Release|Any CPU.ActiveCfg = Release|Any CPU
		{6B2ABFB2-0D0C-499F-A27F-E3F9FAF4A2FE}.Release|Any CPU.Build.0 = Release|Any CPU
		{0C6E4046-35EC-44F1-AF54-EB0C559FFA0A}.Debug|Any CPU.ActiveCfg = Debug|Any CPU
		{0C6E4046-35EC-44F1-AF54-EB0C559FFA0A}.Debug|Any CPU.Build.0 = Debug|Any CPU
		{0C6E4046-35EC-44F1-AF54-EB0C559FFA0A}.Release|Any CPU.ActiveCfg = Release|Any CPU
		{0C6E4046-35EC-44F1-AF54-EB0C559FFA0A}.Release|Any CPU.Build.0 = Release|Any CPU
		{7E61D07E-79FB-4C76-A0B6-020FCEC801BA}.Debug|Any CPU.ActiveCfg = Debug|Any CPU
		{7E61D07E-79FB-4C76-A0B6-020FCEC801BA}.Debug|Any CPU.Build.0 = Debug|Any CPU
		{7E61D07E-79FB-4C76-A0B6-020FCEC801BA}.Release|Any CPU.ActiveCfg = Release|Any CPU
		{7E61D07E-79FB-4C76-A0B6-020FCEC801BA}.Release|Any CPU.Build.0 = Release|Any CPU
	EndGlobalSection
	GlobalSection(SolutionProperties) = preSolution
		HideSolutionNode = FALSE
	EndGlobalSection
	GlobalSection(ExtensibilityGlobals) = postSolution
		SolutionGuid = {54C17936-20A2-45F4-A741-869C12C758FB}
	EndGlobalSection
EndGlobal
